
Microsoft Visual Studio Solution File, Format Version 12.00
# Visual Studio Version 16
VisualStudioVersion = 16.0.32428.217
MinimumVisualStudioVersion = 10.0.40219.1
Project("{FAE04EC0-301F-11D3-BF4B-00C04F79EFBC}") = "day11_01", "day11_01\day11_01.csproj", "{9F35C3AC-E78F-4112-BD59-A85AD15E48A4}"
EndProject
Global
	GlobalSection(SolutionConfigurationPlatforms) = preSolution
		Debug|Any CPU = Debug|Any CPU
		Release|Any CPU = Release|Any CPU
	EndGlobalSection
	GlobalSection(ProjectConfigurationPlatforms) = postSolution
		{9F35C3AC-E78F-4112-BD59-A85AD15E48A4}.Debug|Any CPU.ActiveCfg = Debug|Any CPU
		{9F35C3AC-E78F-4112-BD59-A85AD15E48A4}.Debug|Any CPU.Build.0 = Debug|Any CPU
		{9F35C3AC-E78F-4112-BD59-A85AD15E48A4}.Release|Any CPU.ActiveCfg = Release|Any CPU
		{9F35C3AC-E78F-4112-BD59-A85AD15E48A4}.Release|Any CPU.Build.0 = Release|Any CPU
	EndGlobalSection
	GlobalSection(SolutionProperties) = preSolution
		HideSolutionNode = FALSE
	EndGlobalSection
	GlobalSection(ExtensibilityGlobals) = postSolution
		SolutionGuid = {86603E2E-76FA-43BA-A452-F091558E9189}
	EndGlobalSection
EndGlobal
